
Microsoft Visual Studio Solution File, Format Version 12.00
# Visual Studio Version 17
VisualStudioVersion = 17.6.33829.357
MinimumVisualStudioVersion = 10.0.40219.1
Project("{9A19103F-16F7-4668-BE54-9A1E7A4F7556}") = "Roads", "Roads\Roads.csproj", "{0D1B64BC-098D-4FC5-9F17-F58C3069C5F0}"
EndProject
Project("{FAE04EC0-301F-11D3-BF4B-00C04F79EFBC}") = "RoadsTests", "RoadsTests\RoadsTests.csproj", "{D49311CB-A55E-476C-858F-7AFBEA330A59}"
EndProject
Global
	GlobalSection(SolutionConfigurationPlatforms) = preSolution
		Debug|Any CPU = Debug|Any CPU
		Release|Any CPU = Release|Any CPU
	EndGlobalSection
	GlobalSection(ProjectConfigurationPlatforms) = postSolution
		{0D1B64BC-098D-4FC5-9F17-F58C3069C5F0}.Debug|Any CPU.ActiveCfg = Debug|Any CPU
		{0D1B64BC-098D-4FC5-9F17-F58C3069C5F0}.Debug|Any CPU.Build.0 = Debug|Any CPU
		{0D1B64BC-098D-4FC5-9F17-F58C3069C5F0}.Release|Any CPU.ActiveCfg = Release|Any CPU
		{0D1B64BC-098D-4FC5-9F17-F58C3069C5F0}.Release|Any CPU.Build.0 = Release|Any CPU
		{D49311CB-A55E-476C-858F-7AFBEA330A59}.Debug|Any CPU.ActiveCfg = Debug|Any CPU
		{D49311CB-A55E-476C-858F-7AFBEA330A59}.Debug|Any CPU.Build.0 = Debug|Any CPU
		{D49311CB-A55E-476C-858F-7AFBEA330A59}.Release|Any CPU.ActiveCfg = Release|Any CPU
		{D49311CB-A55E-476C-858F-7AFBEA330A59}.Release|Any CPU.Build.0 = Release|Any CPU
	EndGlobalSection
	GlobalSection(SolutionProperties) = preSolution
		HideSolutionNode = FALSE
	EndGlobalSection
	GlobalSection(ExtensibilityGlobals) = postSolution
		SolutionGuid = {A933DBB0-79C1-47D3-9F4E-8CABEE62E548}
	EndGlobalSection
EndGlobal
